
Microsoft Visual Studio Solution File, Format Version 12.00
# Visual Studio Version 17
VisualStudioVersion = 17.0.31903.59
MinimumVisualStudioVersion = 10.0.40219.1
Project("{2150E333-8FDC-42A3-9474-1A3956D46DE8}") = "src", "src", "{281FFFCB-3B52-4A2F-81E1-CB5B3987F91C}"
EndProject
Project("{FAE04EC0-301F-11D3-BF4B-00C04F79EFBC}") = "ContactForm.API", "src\ContactForm.API\ContactForm.API.csproj", "{3AC47752-45EF-4CE4-94A2-55D5EA388E29}"
EndProject
Project("{2150E333-8FDC-42A3-9474-1A3956D46DE8}") = "tests", "tests", "{D23B52FC-6318-4BEA-A5EC-E008395B31D3}"
EndProject
Project("{FAE04EC0-301F-11D3-BF4B-00C04F79EFBC}") = "ContactForm.API.Tests", "tests\ContactForm.API.Tests\ContactForm.API.Tests.csproj", "{6E1AB923-69F8-4E6B-80A2-AD6A64EC4536}"
EndProject
Global
	GlobalSection(SolutionConfigurationPlatforms) = preSolution
		Debug|Any CPU = Debug|Any CPU
		Release|Any CPU = Release|Any CPU
	EndGlobalSection
	GlobalSection(SolutionProperties) = preSolution
		HideSolutionNode = FALSE
	EndGlobalSection
	GlobalSection(ProjectConfigurationPlatforms) = postSolution
		{3AC47752-45EF-4CE4-94A2-55D5EA388E29}.Debug|Any CPU.ActiveCfg = Debug|Any CPU
		{3AC47752-45EF-4CE4-94A2-55D5EA388E29}.Debug|Any CPU.Build.0 = Debug|Any CPU
		{3AC47752-45EF-4CE4-94A2-55D5EA388E29}.Release|Any CPU.ActiveCfg = Release|Any CPU
		{3AC47752-45EF-4CE4-94A2-55D5EA388E29}.Release|Any CPU.Build.0 = Release|Any CPU
		{6E1AB923-69F8-4E6B-80A2-AD6A64EC4536}.Debug|Any CPU.ActiveCfg = Debug|Any CPU
		{6E1AB923-69F8-4E6B-80A2-AD6A64EC4536}.Debug|Any CPU.Build.0 = Debug|Any CPU
		{6E1AB923-69F8-4E6B-80A2-AD6A64EC4536}.Release|Any CPU.ActiveCfg = Release|Any CPU
		{6E1AB923-69F8-4E6B-80A2-AD6A64EC4536}.Release|Any CPU.Build.0 = Release|Any CPU
	EndGlobalSection
	GlobalSection(NestedProjects) = preSolution
		{3AC47752-45EF-4CE4-94A2-55D5EA388E29} = {281FFFCB-3B52-4A2F-81E1-CB5B3987F91C}
		{6E1AB923-69F8-4E6B-80A2-AD6A64EC4536} = {D23B52FC-6318-4BEA-A5EC-E008395B31D3}
	EndGlobalSection
EndGlobal
